{
  "version": 4,
  "terraform_version": "1.14.5",
  "serial": 37,
  "lineage": "257ccdc3-efb4-a3e2-bd32-175adff56b7f",
  "outputs": {},
  "resources": [
    {
      "mode": "data",
      "type": "azurerm_client_config",
      "name": "current",
      "provider": "provider[\"registry.terraform.io/hashicorp/azurerm\"]",
      "instances": [
        {
          "schema_version": 0,
          "attributes": {
            "client_id": "04b07795-8ddb-461a-bbee-02f9e1bf7b46",
            "id": "Y2xpZW50Q29uZmlncy9jbGllbnRJZD0wNGIwNzc5NS04ZGRiLTQ2MWEtYmJlZS0wMmY5ZTFiZjdiNDY7b2JqZWN0SWQ9NDMxOGNjMTgtZTA2My00ZmEwLTk4MTMtZGFkOWNlYmNjMzM0O3N1YnNjcmlwdGlvbklkPWQzOGNiYzZhLTljMDUtNGRlYS1iZGI3LTFlNWRlZTUwZDBjYjt0ZW5hbnRJZD02NGJhNDdmMy1hYzg5LTRiOGMtYWQ2OS1hZDc5NTVmNjdiNmM=",
            "object_id": "4318cc18-e063-4fa0-9813-dad9cebcc334",
            "subscription_id": "d38cbc6a-9c05-4dea-bdb7-1e5dee50d0cb",
            "tenant_id": "64ba47f3-ac89-4b8c-ad69-ad7955f67b6c",
            "timeouts": null
          },
          "sensitive_attributes": [],
          "identity_schema_version": 0
        }
      ]
    },
    {
      "mode": "managed",
      "type": "azurerm_key_vault",
      "name": "kv",
      "provider": "provider[\"registry.terraform.io/hashicorp/azurerm\"]",
      "instances": [
        {
          "schema_version": 2,
          "attributes": {
            "access_policy": [
              {
                "application_id": "",
                "certificate_permissions": [],
                "key_permissions": [],
                "object_id": "4318cc18-e063-4fa0-9813-dad9cebcc334",
                "secret_permissions": [
                  "Get",
                  "List",
                  "Set",
                  "Delete"
                ],
                "storage_permissions": [],
                "tenant_id": "64ba47f3-ac89-4b8c-ad69-ad7955f67b6c"
              }
            ],
            "contact": [],
            "enable_rbac_authorization": false,
            "enabled_for_deployment": false,
            "enabled_for_disk_encryption": false,
            "enabled_for_template_deployment": false,
            "id": "/subscriptions/d38cbc6a-9c05-4dea-bdb7-1e5dee50d0cb/resourceGroups/finai-rg/providers/Microsoft.KeyVault/vaults/finaikeyvault123",
            "location": "centralindia",
            "name": "finaikeyvault123",
            "network_acls": [
              {
                "bypass": "AzureServices",
                "default_action": "Allow",
                "ip_rules": [],
                "virtual_network_subnet_ids": []
              }
            ],
            "public_network_access_enabled": true,
            "purge_protection_enabled": false,
            "resource_group_name": "finai-rg",
            "sku_name": "standard",
            "soft_delete_retention_days": 90,
            "tags": {},
            "tenant_id": "64ba47f3-ac89-4b8c-ad69-ad7955f67b6c",
            "timeouts": null,
            "vault_uri": "https://finaikeyvault123.vault.azure.net/"
          },
          "sensitive_attributes": [],
          "identity_schema_version": 0,
          "private": "eyJlMmJmYjczMC1lY2FhLTExZTYtOGY4OC0zNDM2M2JjN2M0YzAiOnsiY3JlYXRlIjoxODAwMDAwMDAwMDAwLCJkZWxldGUiOjE4MDAwMDAwMDAwMDAsInJlYWQiOjMwMDAwMDAwMDAwMCwidXBkYXRlIjoxODAwMDAwMDAwMDAwfSwic2NoZW1hX3ZlcnNpb24iOiIyIn0=",
          "dependencies": [
            "azurerm_resource_group.rg",
            "data.azurerm_client_config.current"
          ]
        }
      ]
    },
    {
      "mode": "managed",
      "type": "azurerm_key_vault_secret",
      "name": "database_url",
      "provider": "provider[\"registry.terraform.io/hashicorp/azurerm\"]",
      "instances": [
        {
          "schema_version": 0,
          "attributes": {
            "content_type": "",
            "expiration_date": null,
            "id": "https://finaikeyvault123.vault.azure.net/secrets/DATABASE-URL/061aa035b01e4118966b16c794982264",
            "key_vault_id": "/subscriptions/d38cbc6a-9c05-4dea-bdb7-1e5dee50d0cb/resourceGroups/finai-rg/providers/Microsoft.KeyVault/vaults/finaikeyvault123",
            "name": "DATABASE-URL",
            "not_before_date": null,
            "resource_id": "/subscriptions/d38cbc6a-9c05-4dea-bdb7-1e5dee50d0cb/resourceGroups/finai-rg/providers/Microsoft.KeyVault/vaults/finaikeyvault123/secrets/DATABASE-URL/versions/061aa035b01e4118966b16c794982264",
            "resource_versionless_id": "/subscriptions/d38cbc6a-9c05-4dea-bdb7-1e5dee50d0cb/resourceGroups/finai-rg/providers/Microsoft.KeyVault/vaults/finaikeyvault123/secrets/DATABASE-URL",
            "tags": {},
            "timeouts": null,
            "value": "postgresql://neondb_owner:npg_GlTe4A8LMmXJ@ep-wild-frog-advjuv90-pooler.c-2.us-east-1.aws.neon.tech/neondb?sslmode=require\u0026channel_binding=require",
            "version": "061aa035b01e4118966b16c794982264",
            "versionless_id": "https://finaikeyvault123.vault.azure.net/secrets/DATABASE-URL"
          },
          "sensitive_attributes": [
            [
              {
                "type": "get_attr",
                "value": "value"
              }
            ]
          ],
          "identity_schema_version": 0,
          "private": "eyJlMmJmYjczMC1lY2FhLTExZTYtOGY4OC0zNDM2M2JjN2M0YzAiOnsiY3JlYXRlIjoxODAwMDAwMDAwMDAwLCJkZWxldGUiOjE4MDAwMDAwMDAwMDAsInJlYWQiOjE4MDAwMDAwMDAwMDAsInVwZGF0ZSI6MTgwMDAwMDAwMDAwMH19",
          "dependencies": [
            "azurerm_key_vault.kv",
            "azurerm_resource_group.rg",
            "data.azurerm_client_config.current"
          ]
        }
      ]
    },
    {
      "mode": "managed",
      "type": "azurerm_key_vault_secret",
      "name": "google_client_id",
      "provider": "provider[\"registry.terraform.io/hashicorp/azurerm\"]",
      "instances": [
        {
          "schema_version": 0,
          "attributes": {
            "content_type": "",
            "expiration_date": null,
            "id": "https://finaikeyvault123.vault.azure.net/secrets/GOOGLE-CLIENT-ID/c02e1c4e1e4e443a815eb9a7f9a9fba4",
            "key_vault_id": "/subscriptions/d38cbc6a-9c05-4dea-bdb7-1e5dee50d0cb/resourceGroups/finai-rg/providers/Microsoft.KeyVault/vaults/finaikeyvault123",
            "name": "GOOGLE-CLIENT-ID",
            "not_before_date": null,
            "resource_id": "/subscriptions/d38cbc6a-9c05-4dea-bdb7-1e5dee50d0cb/resourceGroups/finai-rg/providers/Microsoft.KeyVault/vaults/finaikeyvault123/secrets/GOOGLE-CLIENT-ID/versions/c02e1c4e1e4e443a815eb9a7f9a9fba4",
            "resource_versionless_id": "/subscriptions/d38cbc6a-9c05-4dea-bdb7-1e5dee50d0cb/resourceGroups/finai-rg/providers/Microsoft.KeyVault/vaults/finaikeyvault123/secrets/GOOGLE-CLIENT-ID",
            "tags": {},
            "timeouts": null,
            "value": "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",
            "version": "c02e1c4e1e4e443a815eb9a7f9a9fba4",
            "versionless_id": "https://finaikeyvault123.vault.azure.net/secrets/GOOGLE-CLIENT-ID"
          },
          "sensitive_attributes": [
            [
              {
                "type": "get_attr",
                "value": "value"
              }
            ]
          ],
          "identity_schema_version": 0,
          "private": "eyJlMmJmYjczMC1lY2FhLTExZTYtOGY4OC0zNDM2M2JjN2M0YzAiOnsiY3JlYXRlIjoxODAwMDAwMDAwMDAwLCJkZWxldGUiOjE4MDAwMDAwMDAwMDAsInJlYWQiOjE4MDAwMDAwMDAwMDAsInVwZGF0ZSI6MTgwMDAwMDAwMDAwMH19",
          "dependencies": [
            "azurerm_key_vault.kv",
            "azurerm_resource_group.rg",
            "data.azurerm_client_config.current"
          ]
        }
      ]
    },
    {
      "mode": "managed",
      "type": "azurerm_key_vault_secret",
      "name": "google_client_secret",
      "provider": "provider[\"registry.terraform.io/hashicorp/azurerm\"]",
      "instances": [
        {
          "schema_version": 0,
          "attributes": {
            "content_type": "",
            "expiration_date": null,
            "id": "https://finaikeyvault123.vault.azure.net/secrets/GOOGLE-CLIENT-SECRET/ce9ac65e3ed44d0db28b0e40411d345d",
            "key_vault_id": "/subscriptions/d38cbc6a-9c05-4dea-bdb7-1e5dee50d0cb/resourceGroups/finai-rg/providers/Microsoft.KeyVault/vaults/finaikeyvault123",
            "name": "GOOGLE-CLIENT-SECRET",
            "not_before_date": null,
            "resource_id": "/subscriptions/d38cbc6a-9c05-4dea-bdb7-1e5dee50d0cb/resourceGroups/finai-rg/providers/Microsoft.KeyVault/vaults/finaikeyvault123/secrets/GOOGLE-CLIENT-SECRET/versions/ce9ac65e3ed44d0db28b0e40411d345d",
            "resource_versionless_id": "/subscriptions/d38cbc6a-9c05-4dea-bdb7-1e5dee50d0cb/resourceGroups/finai-rg/providers/Microsoft.KeyVault/vaults/finaikeyvault123/secrets/GOOGLE-CLIENT-SECRET",
            "tags": {},
            "timeouts": null,
            "value": "****3By-",
            "version": "ce9ac65e3ed44d0db28b0e40411d345d",
            "versionless_id": "https://finaikeyvault123.vault.azure.net/secrets/GOOGLE-CLIENT-SECRET"
          },
          "sensitive_attributes": [
            [
              {
                "type": "get_attr",
                "value": "value"
              }
            ]
          ],
          "identity_schema_version": 0,
          "private": "eyJlMmJmYjczMC1lY2FhLTExZTYtOGY4OC0zNDM2M2JjN2M0YzAiOnsiY3JlYXRlIjoxODAwMDAwMDAwMDAwLCJkZWxldGUiOjE4MDAwMDAwMDAwMDAsInJlYWQiOjE4MDAwMDAwMDAwMDAsInVwZGF0ZSI6MTgwMDAwMDAwMDAwMH19",
          "dependencies": [
            "azurerm_key_vault.kv",
            "azurerm_resource_group.rg",
            "data.azurerm_client_config.current"
          ]
        }
      ]
    },
    {
      "mode": "managed",
      "type": "azurerm_key_vault_secret",
      "name": "resend_api_key",
      "provider": "provider[\"registry.terraform.io/hashicorp/azurerm\"]",
      "instances": [
        {
          "schema_version": 0,
          "attributes": {
            "content_type": "",
            "expiration_date": null,
            "id": "https://finaikeyvault123.vault.azure.net/secrets/RESEND-API-KEY/369c304be033460f9acea600fe055031",
            "key_vault_id": "/subscriptions/d38cbc6a-9c05-4dea-bdb7-1e5dee50d0cb/resourceGroups/finai-rg/providers/Microsoft.KeyVault/vaults/finaikeyvault123",
            "name": "RESEND-API-KEY",
            "not_before_date": null,
            "resource_id": "/subscriptions/d38cbc6a-9c05-4dea-bdb7-1e5dee50d0cb/resourceGroups/finai-rg/providers/Microsoft.KeyVault/vaults/finaikeyvault123/secrets/RESEND-API-KEY/versions/369c304be033460f9acea600fe055031",
            "resource_versionless_id": "/subscriptions/d38cbc6a-9c05-4dea-bdb7-1e5dee50d0cb/resourceGroups/finai-rg/providers/Microsoft.KeyVault/vaults/finaikeyvault123/secrets/RESEND-API-KEY",
            "tags": {},
            "timeouts": null,
            "value": "re_AT27kHsD_EjeFGcV1E26YLiZiv6ovNZHM",
            "version": "369c304be033460f9acea600fe055031",
            "versionless_id": "https://finaikeyvault123.vault.azure.net/secrets/RESEND-API-KEY"
          },
          "sensitive_attributes": [
            [
              {
                "type": "get_attr",
                "value": "value"
              }
            ]
          ],
          "identity_schema_version": 0,
          "private": "eyJlMmJmYjczMC1lY2FhLTExZTYtOGY4OC0zNDM2M2JjN2M0YzAiOnsiY3JlYXRlIjoxODAwMDAwMDAwMDAwLCJkZWxldGUiOjE4MDAwMDAwMDAwMDAsInJlYWQiOjE4MDAwMDAwMDAwMDAsInVwZGF0ZSI6MTgwMDAwMDAwMDAwMH19",
          "dependencies": [
            "azurerm_key_vault.kv",
            "azurerm_resource_group.rg",
            "data.azurerm_client_config.current"
          ]
        }
      ]
    },
    {
      "mode": "managed",
      "type": "azurerm_resource_group",
      "name": "rg",
      "provider": "provider[\"registry.terraform.io/hashicorp/azurerm\"]",
      "instances": [
        {
          "schema_version": 0,
          "attributes": {
            "id": "/subscriptions/d38cbc6a-9c05-4dea-bdb7-1e5dee50d0cb/resourceGroups/finai-rg",
            "location": "centralindia",
            "managed_by": "",
            "name": "finai-rg",
            "tags": {},
            "timeouts": null
          },
          "sensitive_attributes": [],
          "identity_schema_version": 0,
          "private": "eyJlMmJmYjczMC1lY2FhLTExZTYtOGY4OC0zNDM2M2JjN2M0YzAiOnsiY3JlYXRlIjo1NDAwMDAwMDAwMDAwLCJkZWxldGUiOjU0MDAwMDAwMDAwMDAsInJlYWQiOjMwMDAwMDAwMDAwMCwidXBkYXRlIjo1NDAwMDAwMDAwMDAwfX0="
        }
      ]
    }
  ],
  "check_results": null
}
